{
  "name": "glab-tools",
  "version": "1.0.2",
  "lockfileVersion": 3,
  "requires": true,
  "packages": {
    "": {
      "name": "glab-tools",
      "version": "1.0.2",
      "license": "MIT",
      "dependencies": {
        "zx": "^8.1.4"
      },
      "bin": {
        "glab-tools": "index.js"
      }
    },
    "node_modules/zx": {
      "version": "8.4.0",
      "resolved": "https://registry.npmjs.org/zx/-/zx-8.4.0.tgz",
      "integrity": "sha512-b5+gbUT0akQ5vVuBuHgp0viQx2ZYCuooVD41Z7g47sN0diLsAvB2XteHcp5lec90CNEQ9o7TkXsE3ksaJrZHGw==",
      "license": "Apache-2.0",
      "bin": {
        "zx": "build/cli.js"
      },
      "engines": {
        "node": ">= 12.17.0"
      }
    }
  }
}
